<?xml version="1.0" encoding="utf-8"?>
<Project ToolsVersion="4.0" xmlns="http://schemas.microsoft.com/developer/msbuild/2003">
  <ItemGroup>
    <Filter Include="Source Files">
      <UniqueIdentifier>{4FC737F1-C7A5-4376-A066-2A32D752A2FF}</UniqueIdentifier>
      <Extensions>cpp;c;cc;cxx;c++;cppm;ixx;def;odl;idl;hpj;bat;asm;asmx</Extensions>
    </Filter>
    <Filter Include="Header Files">
      <UniqueIdentifier>{93995380-89BD-4b04-88EB-625FBE52EBFB}</UniqueIdentifier>
      <Extensions>h;hh;hpp;hxx;h++;hm;inl;inc;ipp;xsd</Extensions>
    </Filter>
    <Filter Include="Resource Files">
      <UniqueIdentifier>{67DA6AB6-F800-4c08-8B7A-83BB121AAD01}</UniqueIdentifier>
      <Extensions>rc;ico;cur;bmp;dlg;rc2;rct;bin;rgs;gif;jpg;jpeg;jpe;resx;tiff;tif;png;wav;mfcribbon-ms</Extensions>
    </Filter>
    <Filter Include="Header Files\Functions">
      <UniqueIdentifier>{2e386334-3f79-4c0d-b169-12159823e312}</UniqueIdentifier>
    </Filter>
    <Filter Include="Header Files\Classes">
      <UniqueIdentifier>{d93be913-1bd8-4e1c-bd17-155d0d89289f}</UniqueIdentifier>
    </Filter>
    <Filter Include="Source Files\Functions">
      <UniqueIdentifier>{72f74ff8-af8d-4e42-a200-f8defee25988}</UniqueIdentifier>
    </Filter>
    <Filter Include="Source Files\Classes">
      <UniqueIdentifier>{89b2110a-7116-4282-8bda-0eff0c33633c}</UniqueIdentifier>
    </Filter>
  </ItemGroup>
  <ItemGroup>
    <ClCompile Include="main.cpp">
      <Filter>Source Files</Filter>
    </ClCompile>
    <ClCompile Include="CountLines.cpp">
      <Filter>Source Files\Functions</Filter>
    </ClCompile>
    <ClCompile Include="User.cpp">
      <Filter>Source Files\Classes</Filter>
    </ClCompile>
    <ClCompile Include="CreditProduct.cpp">
      <Filter>Source Files\Classes</Filter>
    </ClCompile>
    <ClCompile Include="FindPriority.cpp">
      <Filter>Source Files\Functions</Filter>
    </ClCompile>
    <ClCompile Include="FindWishes.cpp">
      <Filter>Source Files\Functions</Filter>
    </ClCompile>
    <ClCompile Include="MakeBaseFromFile.cpp">
      <Filter>Source Files\Functions</Filter>
    </ClCompile>
    <ClCompile Include="Search.cpp">
      <Filter>Source Files\Functions</Filter>
    </ClCompile>
    <ClCompile Include="ShowWishes.cpp">
      <Filter>Source Files\Functions</Filter>
    </ClCompile>
  </ItemGroup>
  <ItemGroup>
    <ClInclude Include="main.h">
      <Filter>Header Files</Filter>
    </ClInclude>
    <ClInclude Include="CountLines.h">
      <Filter>Header Files\Functions</Filter>
    </ClInclude>
    <ClInclude Include="CreditProduct.h">
      <Filter>Header Files\Classes</Filter>
    </ClInclude>
    <ClInclude Include="FindPriority.h">
      <Filter>Header Files\Functions</Filter>
    </ClInclude>
    <ClInclude Include="FindWishes.h">
      <Filter>Header Files\Functions</Filter>
    </ClInclude>
    <ClInclude Include="MakeBaseFromFile.h">
      <Filter>Header Files\Functions</Filter>
    </ClInclude>
    <ClInclude Include="Search.h">
      <Filter>Header Files\Functions</Filter>
    </ClInclude>
    <ClInclude Include="ShowWishes.h">
      <Filter>Header Files\Functions</Filter>
    </ClInclude>
    <ClInclude Include="User.h">
      <Filter>Header Files\Classes</Filter>
    </ClInclude>
    <ClInclude Include="Wish.h">
      <Filter>Header Files\Classes</Filter>
    </ClInclude>
  </ItemGroup>
</Project>